
Microsoft Visual Studio Solution File, Format Version 12.00
# Visual Studio Version 17
VisualStudioVersion = 17.9.34714.143
MinimumVisualStudioVersion = 10.0.40219.1
Project("{FAE04EC0-301F-11D3-BF4B-00C04F79EFBC}") = "TFGBack", "TFGBack.csproj", "{F87A5809-6E80-4CFD-9AFD-9A106054F1FF}"
EndProject
Global
	GlobalSection(SolutionConfigurationPlatforms) = preSolution
		Debug|Any CPU = Debug|Any CPU
		Release|Any CPU = Release|Any CPU
	EndGlobalSection
	GlobalSection(ProjectConfigurationPlatforms) = postSolution
		{F87A5809-6E80-4CFD-9AFD-9A106054F1FF}.Debug|Any CPU.ActiveCfg = Debug|Any CPU
		{F87A5809-6E80-4CFD-9AFD-9A106054F1FF}.Debug|Any CPU.Build.0 = Debug|Any CPU
		{F87A5809-6E80-4CFD-9AFD-9A106054F1FF}.Release|Any CPU.ActiveCfg = Release|Any CPU
		{F87A5809-6E80-4CFD-9AFD-9A106054F1FF}.Release|Any CPU.Build.0 = Release|Any CPU
	EndGlobalSection
	GlobalSection(SolutionProperties) = preSolution
		HideSolutionNode = FALSE
	EndGlobalSection
	GlobalSection(ExtensibilityGlobals) = postSolution
		SolutionGuid = {833E2288-A58C-46D1-AED0-14F7F4B5BC9E}
	EndGlobalSection
EndGlobal
